
Microsoft Visual Studio Solution File, Format Version 12.00
# Visual Studio Version 17
VisualStudioVersion = 17.4.32916.344
MinimumVisualStudioVersion = 10.0.40219.1
Project("{9A19103F-16F7-4668-BE54-9A1E7A4F7556}") = "KinderEngine.Core", "KinderEngine.Core\KinderEngine.Core.csproj", "{8803EB35-1DDC-4179-991C-3163545A1BB4}"
EndProject
Project("{9A19103F-16F7-4668-BE54-9A1E7A4F7556}") = "KinderEngine.Maui", "KinderEngine.Maui\KinderEngine.Maui.csproj", "{FD9F695C-94D8-479A-BA08-F57E197152DB}"
EndProject
Project("{9A19103F-16F7-4668-BE54-9A1E7A4F7556}") = "KinderEngine.Wpf", "KinderEngine.Wpf\KinderEngine.Wpf.csproj", "{9C81BD11-7D88-4AFC-A38B-81AB3E5E92A7}"
EndProject
Global
	GlobalSection(SolutionConfigurationPlatforms) = preSolution
		Debug|Any CPU = Debug|Any CPU
		Release|Any CPU = Release|Any CPU
	EndGlobalSection
	GlobalSection(ProjectConfigurationPlatforms) = postSolution
		{8803EB35-1DDC-4179-991C-3163545A1BB4}.Debug|Any CPU.ActiveCfg = Debug|Any CPU
		{8803EB35-1DDC-4179-991C-3163545A1BB4}.Debug|Any CPU.Build.0 = Debug|Any CPU
		{8803EB35-1DDC-4179-991C-3163545A1BB4}.Release|Any CPU.ActiveCfg = Release|Any CPU
		{8803EB35-1DDC-4179-991C-3163545A1BB4}.Release|Any CPU.Build.0 = Release|Any CPU
		{FD9F695C-94D8-479A-BA08-F57E197152DB}.Debug|Any CPU.ActiveCfg = Debug|Any CPU
		{FD9F695C-94D8-479A-BA08-F57E197152DB}.Debug|Any CPU.Build.0 = Debug|Any CPU
		{FD9F695C-94D8-479A-BA08-F57E197152DB}.Release|Any CPU.ActiveCfg = Release|Any CPU
		{FD9F695C-94D8-479A-BA08-F57E197152DB}.Release|Any CPU.Build.0 = Release|Any CPU
		{9C81BD11-7D88-4AFC-A38B-81AB3E5E92A7}.Debug|Any CPU.ActiveCfg = Debug|Any CPU
		{9C81BD11-7D88-4AFC-A38B-81AB3E5E92A7}.Debug|Any CPU.Build.0 = Debug|Any CPU
		{9C81BD11-7D88-4AFC-A38B-81AB3E5E92A7}.Release|Any CPU.ActiveCfg = Release|Any CPU
		{9C81BD11-7D88-4AFC-A38B-81AB3E5E92A7}.Release|Any CPU.Build.0 = Release|Any CPU
	EndGlobalSection
	GlobalSection(SolutionProperties) = preSolution
		HideSolutionNode = FALSE
	EndGlobalSection
	GlobalSection(ExtensibilityGlobals) = postSolution
		SolutionGuid = {35693E4D-232A-410C-9F56-DE7F142E014A}
	EndGlobalSection
EndGlobal
